// !$*UTF8*$!
{
	archiveVersion = 1;
	classes = {
	};
	objectVersion = 48;
	objects = {

/* Begin PBXBuildFile section */
		4822D4892713A7FB550D470F /* Pods_BinlaLog.framework in Frameworks */ = {isa = PBXBuildFile; fileRef = EE868201C6BB1F1E52F61D71 /* Pods_BinlaLog.framework */; };
		4D1348D3C7BC6A6E1E41B272 /* Pods_BinlaLogUITests.framework in Frameworks */ = {isa = PBXBuildFile; fileRef = ECD91D67B765BDF42832BEF2 /* Pods_BinlaLogUITests.framework */; };
		648617830048B7FF6756E8EA /* Pods_BinlaLogTests.framework in Frameworks */ = {isa = PBXBuildFile; fileRef = 34CC892160410A7678BAA6F6 /* Pods_BinlaLogTests.framework */; };
		B71414D21FFE125B00BB5B00 /* HomeViewController.swift in Sources */ = {isa = PBXBuildFile; fileRef = B71414D11FFE125B00BB5B00 /* HomeViewController.swift */; };
		B71414D51FFE16C600BB5B00 /* NButtonBorder.swift in Sources */ = {isa = PBXBuildFile; fileRef = B71414D41FFE16C600BB5B00 /* NButtonBorder.swift */; };
		B71414D81FFE29B500BB5B00 /* rotation-ped.png in Resources */ = {isa = PBXBuildFile; fileRef = B71414D71FFE29B300BB5B00 /* rotation-ped.png */; };
		B71414E41FFE30D500BB5B00 /* emotion-smile-grey.png in Resources */ = {isa = PBXBuildFile; fileRef = B71414DA1FFE30C200BB5B00 /* emotion-smile-grey.png */; };
		B71414E51FFE30D500BB5B00 /* emotion-love.png in Resources */ = {isa = PBXBuildFile; fileRef = B71414DB1FFE30C400BB5B00 /* emotion-love.png */; };
		B71414E61FFE30D500BB5B00 /* emotion-straight.png in Resources */ = {isa = PBXBuildFile; fileRef = B71414DC1FFE30C500BB5B00 /* emotion-straight.png */; };
		B71414E71FFE30D500BB5B00 /* emotion-crying-grey.png in Resources */ = {isa = PBXBuildFile; fileRef = B71414DD1FFE30C700BB5B00 /* emotion-crying-grey.png */; };
		B71414E81FFE30D500BB5B00 /* emotion-love-grey.png in Resources */ = {isa = PBXBuildFile; fileRef = B71414DE1FFE30C800BB5B00 /* emotion-love-grey.png */; };
		B71414E91FFE30D500BB5B00 /* emotion-angry.png in Resources */ = {isa = PBXBuildFile; fileRef = B71414DF1FFE30CA00BB5B00 /* emotion-angry.png */; };
		B71414EA1FFE30D500BB5B00 /* emotion-angry-grey.png in Resources */ = {isa = PBXBuildFile; fileRef = B71414E01FFE30CC00BB5B00 /* emotion-angry-grey.png */; };
		B71414EB1FFE30D500BB5B00 /* emotion-crying.png in Resources */ = {isa = PBXBuildFile; fileRef = B71414E11FFE30CC00BB5B00 /* emotion-crying.png */; };
		B71414EC1FFE30D500BB5B00 /* emotion-smile.png in Resources */ = {isa = PBXBuildFile; fileRef = B71414E21FFE30CE00BB5B00 /* emotion-smile.png */; };
		B71414ED1FFE30D500BB5B00 /* emotion-straight-grey.png in Resources */ = {isa = PBXBuildFile; fileRef = B71414E31FFE30D300BB5B00 /* emotion-straight-grey.png */; };
		B71414F11FFE332400BB5B00 /* HistoryRotationViewController.swift in Sources */ = {isa = PBXBuildFile; fileRef = B71414F01FFE332400BB5B00 /* HistoryRotationViewController.swift */; };
		B72ED81A1FF0B7C10088F78C /* AppDelegate.swift in Sources */ = {isa = PBXBuildFile; fileRef = B72ED8191FF0B7C10088F78C /* AppDelegate.swift */; };
		B72ED81F1FF0B7C10088F78C /* Main.storyboard in Resources */ = {isa = PBXBuildFile; fileRef = B72ED81D1FF0B7C10088F78C /* Main.storyboard */; };
		B72ED8211FF0B7C10088F78C /* Assets.xcassets in Resources */ = {isa = PBXBuildFile; fileRef = B72ED8201FF0B7C10088F78C /* Assets.xcassets */; };
		B72ED8241FF0B7C10088F78C /* LaunchScreen.storyboard in Resources */ = {isa = PBXBuildFile; fileRef = B72ED8221FF0B7C10088F78C /* LaunchScreen.storyboard */; };
		B72ED82F1FF0B7C20088F78C /* BinlaLogTests.swift in Sources */ = {isa = PBXBuildFile; fileRef = B72ED82E1FF0B7C20088F78C /* BinlaLogTests.swift */; };
		B72ED83A1FF0B7C20088F78C /* BinlaLogUITests.swift in Sources */ = {isa = PBXBuildFile; fileRef = B72ED8391FF0B7C20088F78C /* BinlaLogUITests.swift */; };
		B74FF13C1FFE3E07008DFD00 /* HistoryViewController.swift in Sources */ = {isa = PBXBuildFile; fileRef = B74FF13B1FFE3E07008DFD00 /* HistoryViewController.swift */; };
		B74FF13E1FFE3EFE008DFD00 /* HistoryController.swift in Sources */ = {isa = PBXBuildFile; fileRef = B74FF13D1FFE3EFE008DFD00 /* HistoryController.swift */; };
		B75EA68D1FFCA0CF00B9A5DC /* Keyboard.swift in Sources */ = {isa = PBXBuildFile; fileRef = B75EA68C1FFCA0CF00B9A5DC /* Keyboard.swift */; };
		B75EA68F1FFCAA1900B9A5DC /* ScrollView.swift in Sources */ = {isa = PBXBuildFile; fileRef = B75EA68E1FFCAA1900B9A5DC /* ScrollView.swift */; };
		B75EA6911FFCC44000B9A5DC /* NTextField.swift in Sources */ = {isa = PBXBuildFile; fileRef = B75EA6901FFCC44000B9A5DC /* NTextField.swift */; };
		B75EA6991FFCCBF600B9A5DC /* ic-user.png in Resources */ = {isa = PBXBuildFile; fileRef = B75EA6971FFCCBF500B9A5DC /* ic-user.png */; };
		B75EA69A1FFCCBF600B9A5DC /* ic-key.png in Resources */ = {isa = PBXBuildFile; fileRef = B75EA6981FFCCBF500B9A5DC /* ic-key.png */; };
		B7781E6A1FFF69C80078E56A /* APIPatient.swift in Sources */ = {isa = PBXBuildFile; fileRef = B7781E691FFF69C80078E56A /* APIPatient.swift */; };
		B7781E6C1FFF6BB40078E56A /* APIProcedure.swift in Sources */ = {isa = PBXBuildFile; fileRef = B7781E6B1FFF6BB40078E56A /* APIProcedure.swift */; };
		B7781E6E1FFF71820078E56A /* Patient.storyboard in Resources */ = {isa = PBXBuildFile; fileRef = B7781E6D1FFF71820078E56A /* Patient.storyboard */; };
		B7781E711FFF751A0078E56A /* PatientViewController.swift in Sources */ = {isa = PBXBuildFile; fileRef = B7781E701FFF751A0078E56A /* PatientViewController.swift */; };
		B7781E741FFF761D0078E56A /* PatientController.swift in Sources */ = {isa = PBXBuildFile; fileRef = B7781E731FFF761D0078E56A /* PatientController.swift */; };
		B79ACA071FF0F443005BBAB4 /* APIUser.swift in Sources */ = {isa = PBXBuildFile; fileRef = B79ACA061FF0F443005BBAB4 /* APIUser.swift */; };
		B79ACA091FF0F44E005BBAB4 /* BackUser.swift in Sources */ = {isa = PBXBuildFile; fileRef = B79ACA081FF0F44E005BBAB4 /* BackUser.swift */; };
		B79ACA0B1FF0FAD4005BBAB4 /* API.swift in Sources */ = {isa = PBXBuildFile; fileRef = B79ACA0A1FF0FAD4005BBAB4 /* API.swift */; };
		B79ACA0D1FF109FA005BBAB4 /* Back.swift in Sources */ = {isa = PBXBuildFile; fileRef = B79ACA0C1FF109FA005BBAB4 /* Back.swift */; };
		B7A6C5821FF0BB6D00F5A5AD /* LoginPresentation.swift in Sources */ = {isa = PBXBuildFile; fileRef = B7A6C5811FF0BB6D00F5A5AD /* LoginPresentation.swift */; };
		B7A6C58A1FF0BF9100F5A5AD /* Helper.swift in Sources */ = {isa = PBXBuildFile; fileRef = B7A6C5891FF0BF9100F5A5AD /* Helper.swift */; };
		B7A6C58D1FF0BFD600F5A5AD /* LoginViewController.swift in Sources */ = {isa = PBXBuildFile; fileRef = B7A6C58C1FF0BFD600F5A5AD /* LoginViewController.swift */; };
		B7A6C58F1FF0C67D00F5A5AD /* Constant.swift in Sources */ = {isa = PBXBuildFile; fileRef = B7A6C58E1FF0C67D00F5A5AD /* Constant.swift */; };
		B7A6C5931FF0D8A100F5A5AD /* Logo.png in Resources */ = {isa = PBXBuildFile; fileRef = B7A6C5921FF0D89A00F5A5AD /* Logo.png */; };
		B7A6C5961FF0DA6F00F5A5AD /* LoginController.swift in Sources */ = {isa = PBXBuildFile; fileRef = B7A6C5951FF0DA6E00F5A5AD /* LoginController.swift */; };
		B7CFD1DB1FFF32170004F4F2 /* HistoryPatientViewController.swift in Sources */ = {isa = PBXBuildFile; fileRef = B7CFD1DA1FFF32170004F4F2 /* HistoryPatientViewController.swift */; };
		B7CFD1DD1FFF334D0004F4F2 /* ic-tag.png in Resources */ = {isa = PBXBuildFile; fileRef = B7CFD1DC1FFF334D0004F4F2 /* ic-tag.png */; };
		B7CFD1DF1FFF39DF0004F4F2 /* ic-edit.png in Resources */ = {isa = PBXBuildFile; fileRef = B7CFD1DE1FFF39DC0004F4F2 /* ic-edit.png */; };
		B7CFD1E21FFF3A770004F4F2 /* pic-profile.png in Resources */ = {isa = PBXBuildFile; fileRef = B7CFD1E11FFF3A770004F4F2 /* pic-profile.png */; };
		B7CFD1E41FFF3E3D0004F4F2 /* ic-location.png in Resources */ = {isa = PBXBuildFile; fileRef = B7CFD1E31FFF3E390004F4F2 /* ic-location.png */; };
		B7CFD1E61FFF41120004F4F2 /* ic-star.png in Resources */ = {isa = PBXBuildFile; fileRef = B7CFD1E51FFF410F0004F4F2 /* ic-star.png */; };
		B7CFD1E91FFF421B0004F4F2 /* pic-patient.png in Resources */ = {isa = PBXBuildFile; fileRef = B7CFD1E71FFF42130004F4F2 /* pic-patient.png */; };
		B7CFD1EA1FFF421B0004F4F2 /* pic-procedure.png in Resources */ = {isa = PBXBuildFile; fileRef = B7CFD1E81FFF42180004F4F2 /* pic-procedure.png */; };
		B7CFD1ED1FFF44F00004F4F2 /* NViewCard.swift in Sources */ = {isa = PBXBuildFile; fileRef = B7CFD1EC1FFF44F00004F4F2 /* NViewCard.swift */; };
		B7CFD1EF1FFF46E80004F4F2 /* Procedure.storyboard in Resources */ = {isa = PBXBuildFile; fileRef = B7CFD1EE1FFF46E80004F4F2 /* Procedure.storyboard */; };
		B7CFD1F31FFF49940004F4F2 /* ProcedureViewController.swift in Sources */ = {isa = PBXBuildFile; fileRef = B7CFD1F21FFF49940004F4F2 /* ProcedureViewController.swift */; };
		B7CFD1F51FFF4A190004F4F2 /* HomeCellTableViewCell.swift in Sources */ = {isa = PBXBuildFile; fileRef = B7CFD1F41FFF4A190004F4F2 /* HomeCellTableViewCell.swift */; };
		B7CFD1F71FFF4AA70004F4F2 /* HomeController.swift in Sources */ = {isa = PBXBuildFile; fileRef = B7CFD1F61FFF4AA70004F4F2 /* HomeController.swift */; };
		B7CFD1F91FFF4C300004F4F2 /* ProcedureController.swift in Sources */ = {isa = PBXBuildFile; fileRef = B7CFD1F81FFF4C300004F4F2 /* ProcedureController.swift */; };
		B7E5F8591FF0DFAF00FA7789 /* Helper.storyboard in Resources */ = {isa = PBXBuildFile; fileRef = B7E5F8581FF0DFAF00FA7789 /* Helper.storyboard */; };
		B7E5F85C1FF0E02F00FA7789 /* LoadingPresentation.swift in Sources */ = {isa = PBXBuildFile; fileRef = B7E5F85B1FF0E02F00FA7789 /* LoadingPresentation.swift */; };
		B7E5F8611FF0E10D00FA7789 /* LoadingViewController.swift in Sources */ = {isa = PBXBuildFile; fileRef = B7E5F8601FF0E10D00FA7789 /* LoadingViewController.swift */; };
		B7E5F8651FF0F26B00FA7789 /* User.swift in Sources */ = {isa = PBXBuildFile; fileRef = B7E5F8641FF0F26A00FA7789 /* User.swift */; };
		B7FB60FF1FFCD63500560472 /* MoreViewController.swift in Sources */ = {isa = PBXBuildFile; fileRef = B7FB60FE1FFCD63500560472 /* MoreViewController.swift */; };
		B7FB61051FFCD81800560472 /* tab-home.png in Resources */ = {isa = PBXBuildFile; fileRef = B7FB61011FFCD81400560472 /* tab-home.png */; };
		B7FB61071FFCD81800560472 /* tab-more.png in Resources */ = {isa = PBXBuildFile; fileRef = B7FB61031FFCD81700560472 /* tab-more.png */; };
		B7FB61081FFCD81800560472 /* tab-patient.png in Resources */ = {isa = PBXBuildFile; fileRef = B7FB61041FFCD81700560472 /* tab-patient.png */; };
		B7FB610E1FFCDA4C00560472 /* ic-draft.png in Resources */ = {isa = PBXBuildFile; fileRef = B7FB61091FFCDA4800560472 /* ic-draft.png */; };
		B7FB610F1FFCDA4C00560472 /* ic-facebook.png in Resources */ = {isa = PBXBuildFile; fileRef = B7FB610A1FFCDA4A00560472 /* ic-facebook.png */; };
		B7FB61101FFCDA4C00560472 /* ic-logout.png in Resources */ = {isa = PBXBuildFile; fileRef = B7FB610B1FFCDA4A00560472 /* ic-logout.png */; };
		B7FB61111FFCDA4C00560472 /* ic-form.png in Resources */ = {isa = PBXBuildFile; fileRef = B7FB610C1FFCDA4B00560472 /* ic-form.png */; };
		B7FB61121FFCDA4C00560472 /* ic-passcode.png in Resources */ = {isa = PBXBuildFile; fileRef = B7FB610D1FFCDA4B00560472 /* ic-passcode.png */; };
		B7FB61141FFCDB9200560472 /* MoreController.swift in Sources */ = {isa = PBXBuildFile; fileRef = B7FB61131FFCDB9200560472 /* MoreController.swift */; };
		B7FB611E1FFCED4300560472 /* FirstViewController.swift in Sources */ = {isa = PBXBuildFile; fileRef = B7FB611D1FFCED4300560472 /* FirstViewController.swift */; };
		B7FB61201FFCED9200560472 /* FirstController.swift in Sources */ = {isa = PBXBuildFile; fileRef = B7FB611F1FFCED9200560472 /* FirstController.swift */; };
/* End PBXBuildFile section */

/* Begin PBXContainerItemProxy section */
		B72ED82B1FF0B7C20088F78C /* PBXContainerItemProxy */ = {
			isa = PBXContainerItemProxy;
			containerPortal = B72ED80E1FF0B7C10088F78C /* Project object */;
			proxyType = 1;
			remoteGlobalIDString = B72ED8151FF0B7C10088F78C;
			remoteInfo = BinlaLog;
		};
		B72ED8361FF0B7C20088F78C /* PBXContainerItemProxy */ = {
			isa = PBXContainerItemProxy;
			containerPortal = B72ED80E1FF0B7C10088F78C /* Project object */;
			proxyType = 1;
			remoteGlobalIDString = B72ED8151FF0B7C10088F78C;
			remoteInfo = BinlaLog;
		};
/* End PBXContainerItemProxy section */

/* Begin PBXFileReference section */
		34CC892160410A7678BAA6F6 /* Pods_BinlaLogTests.framework */ = {isa = PBXFileReference; explicitFileType = wrapper.framework; includeInIndex = 0; path = Pods_BinlaLogTests.framework; sourceTree = BUILT_PRODUCTS_DIR; };
		5D0ACF6E985F94210B27E73C /* Pods-BinlaLogUITests.release.xcconfig */ = {isa = PBXFileReference; includeInIndex = 1; lastKnownFileType = text.xcconfig; name = "Pods-BinlaLogUITests.release.xcconfig"; path = "Pods/Target Support Files/Pods-BinlaLogUITests/Pods-BinlaLogUITests.release.xcconfig"; sourceTree = "<group>"; };
		70C803951049C6A98150AC17 /* Pods-BinlaLogTests.release.xcconfig */ = {isa = PBXFileReference; includeInIndex = 1; lastKnownFileType = text.xcconfig; name = "Pods-BinlaLogTests.release.xcconfig"; path = "Pods/Target Support Files/Pods-BinlaLogTests/Pods-BinlaLogTests.release.xcconfig"; sourceTree = "<group>"; };
		770D6A4F0DCADE0FEB06F6A9 /* Pods-BinlaLog.debug.xcconfig */ = {isa = PBXFileReference; includeInIndex = 1; lastKnownFileType = text.xcconfig; name = "Pods-BinlaLog.debug.xcconfig"; path = "Pods/Target Support Files/Pods-BinlaLog/Pods-BinlaLog.debug.xcconfig"; sourceTree = "<group>"; };
		B71414D11FFE125B00BB5B00 /* HomeViewController.swift */ = {isa = PBXFileReference; lastKnownFileType = sourcecode.swift; path = HomeViewController.swift; sourceTree = "<group>"; };
		B71414D41FFE16C600BB5B00 /* NButtonBorder.swift */ = {isa = PBXFileReference; lastKnownFileType = sourcecode.swift; path = NButtonBorder.swift; sourceTree = "<group>"; };
		B71414D71FFE29B300BB5B00 /* rotation-ped.png */ = {isa = PBXFileReference; lastKnownFileType = image.png; path = "rotation-ped.png"; sourceTree = "<group>"; };
		B71414DA1FFE30C200BB5B00 /* emotion-smile-grey.png */ = {isa = PBXFileReference; lastKnownFileType = image.png; path = "emotion-smile-grey.png"; sourceTree = "<group>"; };
		B71414DB1FFE30C400BB5B00 /* emotion-love.png */ = {isa = PBXFileReference; lastKnownFileType = image.png; path = "emotion-love.png"; sourceTree = "<group>"; };
		B71414DC1FFE30C500BB5B00 /* emotion-straight.png */ = {isa = PBXFileReference; lastKnownFileType = image.png; path = "emotion-straight.png"; sourceTree = "<group>"; };
		B71414DD1FFE30C700BB5B00 /* emotion-crying-grey.png */ = {isa = PBXFileReference; lastKnownFileType = image.png; path = "emotion-crying-grey.png"; sourceTree = "<group>"; };
		B71414DE1FFE30C800BB5B00 /* emotion-love-grey.png */ = {isa = PBXFileReference; lastKnownFileType = image.png; path = "emotion-love-grey.png"; sourceTree = "<group>"; };
		B71414DF1FFE30CA00BB5B00 /* emotion-angry.png */ = {isa = PBXFileReference; lastKnownFileType = image.png; path = "emotion-angry.png"; sourceTree = "<group>"; };
		B71414E01FFE30CC00BB5B00 /* emotion-angry-grey.png */ = {isa = PBXFileReference; lastKnownFileType = image.png; path = "emotion-angry-grey.png"; sourceTree = "<group>"; };
		B71414E11FFE30CC00BB5B00 /* emotion-crying.png */ = {isa = PBXFileReference; lastKnownFileType = image.png; path = "emotion-crying.png"; sourceTree = "<group>"; };
		B71414E21FFE30CE00BB5B00 /* emotion-smile.png */ = {isa = PBXFileReference; lastKnownFileType = image.png; path = "emotion-smile.png"; sourceTree = "<group>"; };
		B71414E31FFE30D300BB5B00 /* emotion-straight-grey.png */ = {isa = PBXFileReference; lastKnownFileType = image.png; path = "emotion-straight-grey.png"; sourceTree = "<group>"; };
		B71414F01FFE332400BB5B00 /* HistoryRotationViewController.swift */ = {isa = PBXFileReference; lastKnownFileType = sourcecode.swift; path = HistoryRotationViewController.swift; sourceTree = "<group>"; };
		B72ED8161FF0B7C10088F78C /* BinlaLog.app */ = {isa = PBXFileReference; explicitFileType = wrapper.application; includeInIndex = 0; path = BinlaLog.app; sourceTree = BUILT_PRODUCTS_DIR; };
		B72ED8191FF0B7C10088F78C /* AppDelegate.swift */ = {isa = PBXFileReference; lastKnownFileType = sourcecode.swift; path = AppDelegate.swift; sourceTree = "<group>"; };
		B72ED81E1FF0B7C10088F78C /* Base */ = {isa = PBXFileReference; lastKnownFileType = file.storyboard; name = Base; path = Base.lproj/Main.storyboard; sourceTree = "<group>"; };
		B72ED8201FF0B7C10088F78C /* Assets.xcassets */ = {isa = PBXFileReference; lastKnownFileType = folder.assetcatalog; path = Assets.xcassets; sourceTree = "<group>"; };
		B72ED8231FF0B7C10088F78C /* Base */ = {isa = PBXFileReference; lastKnownFileType = file.storyboard; name = Base; path = Base.lproj/LaunchScreen.storyboard; sourceTree = "<group>"; };
		B72ED8251FF0B7C10088F78C /* Info.plist */ = {isa = PBXFileReference; lastKnownFileType = text.plist.xml; path = Info.plist; sourceTree = "<group>"; };
		B72ED82A1FF0B7C20088F78C /* BinlaLogTests.xctest */ = {isa = PBXFileReference; explicitFileType = wrapper.cfbundle; includeInIndex = 0; path = BinlaLogTests.xctest; sourceTree = BUILT_PRODUCTS_DIR; };
		B72ED82E1FF0B7C20088F78C /* BinlaLogTests.swift */ = {isa = PBXFileReference; lastKnownFileType = sourcecode.swift; path = BinlaLogTests.swift; sourceTree = "<group>"; };
		B72ED8301FF0B7C20088F78C /* Info.plist */ = {isa = PBXFileReference; lastKnownFileType = text.plist.xml; path = Info.plist; sourceTree = "<group>"; };
		B72ED8351FF0B7C20088F78C /* BinlaLogUITests.xctest */ = {isa = PBXFileReference; explicitFileType = wrapper.cfbundle; includeInIndex = 0; path = BinlaLogUITests.xctest; sourceTree = BUILT_PRODUCTS_DIR; };
		B72ED8391FF0B7C20088F78C /* BinlaLogUITests.swift */ = {isa = PBXFileReference; lastKnownFileType = sourcecode.swift; path = BinlaLogUITests.swift; sourceTree = "<group>"; };
		B72ED83B1FF0B7C20088F78C /* Info.plist */ = {isa = PBXFileReference; lastKnownFileType = text.plist.xml; path = Info.plist; sourceTree = "<group>"; };
		B74FF13B1FFE3E07008DFD00 /* HistoryViewController.swift */ = {isa = PBXFileReference; lastKnownFileType = sourcecode.swift; path = HistoryViewController.swift; sourceTree = "<group>"; };
		B74FF13D1FFE3EFE008DFD00 /* HistoryController.swift */ = {isa = PBXFileReference; lastKnownFileType = sourcecode.swift; name = HistoryController.swift; path = BinlaLog/Controller/HistoryController.swift; sourceTree = SOURCE_ROOT; };
		B75EA68C1FFCA0CF00B9A5DC /* Keyboard.swift */ = {isa = PBXFileReference; lastKnownFileType = sourcecode.swift; path = Keyboard.swift; sourceTree = "<group>"; };
		B75EA68E1FFCAA1900B9A5DC /* ScrollView.swift */ = {isa = PBXFileReference; lastKnownFileType = sourcecode.swift; path = ScrollView.swift; sourceTree = "<group>"; };
		B75EA6901FFCC44000B9A5DC /* NTextField.swift */ = {isa = PBXFileReference; lastKnownFileType = sourcecode.swift; path = NTextField.swift; sourceTree = "<group>"; };
		B75EA6971FFCCBF500B9A5DC /* ic-user.png */ = {isa = PBXFileReference; lastKnownFileType = image.png; path = "ic-user.png"; sourceTree = "<group>"; };
		B75EA6981FFCCBF500B9A5DC /* ic-key.png */ = {isa = PBXFileReference; lastKnownFileType = image.png; path = "ic-key.png"; sourceTree = "<group>"; };
		B7781E691FFF69C80078E56A /* APIPatient.swift */ = {isa = PBXFileReference; lastKnownFileType = sourcecode.swift; path = APIPatient.swift; sourceTree = "<group>"; };
		B7781E6B1FFF6BB40078E56A /* APIProcedure.swift */ = {isa = PBXFileReference; lastKnownFileType = sourcecode.swift; path = APIProcedure.swift; sourceTree = "<group>"; };
		B7781E6D1FFF71820078E56A /* Patient.storyboard */ = {isa = PBXFileReference; lastKnownFileType = file.storyboard; path = Patient.storyboard; sourceTree = "<group>"; };
		B7781E701FFF751A0078E56A /* PatientViewController.swift */ = {isa = PBXFileReference; lastKnownFileType = sourcecode.swift; path = PatientViewController.swift; sourceTree = "<group>"; };
		B7781E731FFF761D0078E56A /* PatientController.swift */ = {isa = PBXFileReference; lastKnownFileType = sourcecode.swift; path = PatientController.swift; sourceTree = "<group>"; };
		B79ACA061FF0F443005BBAB4 /* APIUser.swift */ = {isa = PBXFileReference; lastKnownFileType = sourcecode.swift; path = APIUser.swift; sourceTree = "<group>"; };
		B79ACA081FF0F44E005BBAB4 /* BackUser.swift */ = {isa = PBXFileReference; lastKnownFileType = sourcecode.swift; path = BackUser.swift; sourceTree = "<group>"; };
		B79ACA0A1FF0FAD4005BBAB4 /* API.swift */ = {isa = PBXFileReference; lastKnownFileType = sourcecode.swift; path = API.swift; sourceTree = "<group>"; };
		B79ACA0C1FF109FA005BBAB4 /* Back.swift */ = {isa = PBXFileReference; lastKnownFileType = sourcecode.swift; path = Back.swift; sourceTree = "<group>"; };
		B7A6C5811FF0BB6D00F5A5AD /* LoginPresentation.swift */ = {isa = PBXFileReference; lastKnownFileType = sourcecode.swift; path = LoginPresentation.swift; sourceTree = "<group>"; };
		B7A6C5891FF0BF9100F5A5AD /* Helper.swift */ = {isa = PBXFileReference; lastKnownFileType = sourcecode.swift; path = Helper.swift; sourceTree = "<group>"; };
		B7A6C58C1FF0BFD600F5A5AD /* LoginViewController.swift */ = {isa = PBXFileReference; lastKnownFileType = sourcecode.swift; path = LoginViewController.swift; sourceTree = "<group>"; };
		B7A6C58E1FF0C67D00F5A5AD /* Constant.swift */ = {isa = PBXFileReference; lastKnownFileType = sourcecode.swift; path = Constant.swift; sourceTree = "<group>"; };
		B7A6C5921FF0D89A00F5A5AD /* Logo.png */ = {isa = PBXFileReference; lastKnownFileType = image.png; path = Logo.png; sourceTree = "<group>"; };
		B7A6C5951FF0DA6E00F5A5AD /* LoginController.swift */ = {isa = PBXFileReference; lastKnownFileType = sourcecode.swift; path = LoginController.swift; sourceTree = "<group>"; };
		B7CFD1DA1FFF32170004F4F2 /* HistoryPatientViewController.swift */ = {isa = PBXFileReference; lastKnownFileType = sourcecode.swift; path = HistoryPatientViewController.swift; sourceTree = "<group>"; };
		B7CFD1DC1FFF334D0004F4F2 /* ic-tag.png */ = {isa = PBXFileReference; lastKnownFileType = image.png; path = "ic-tag.png"; sourceTree = "<group>"; };
		B7CFD1DE1FFF39DC0004F4F2 /* ic-edit.png */ = {isa = PBXFileReference; lastKnownFileType = image.png; path = "ic-edit.png"; sourceTree = "<group>"; };
		B7CFD1E11FFF3A770004F4F2 /* pic-profile.png */ = {isa = PBXFileReference; lastKnownFileType = image.png; path = "pic-profile.png"; sourceTree = "<group>"; };
		B7CFD1E31FFF3E390004F4F2 /* ic-location.png */ = {isa = PBXFileReference; lastKnownFileType = image.png; path = "ic-location.png"; sourceTree = "<group>"; };
		B7CFD1E51FFF410F0004F4F2 /* ic-star.png */ = {isa = PBXFileReference; lastKnownFileType = image.png; path = "ic-star.png"; sourceTree = "<group>"; };
		B7CFD1E71FFF42130004F4F2 /* pic-patient.png */ = {isa = PBXFileReference; lastKnownFileType = image.png; path = "pic-patient.png"; sourceTree = "<group>"; };
		B7CFD1E81FFF42180004F4F2 /* pic-procedure.png */ = {isa = PBXFileReference; lastKnownFileType = image.png; path = "pic-procedure.png"; sourceTree = "<group>"; };
		B7CFD1EC1FFF44F00004F4F2 /* NViewCard.swift */ = {isa = PBXFileReference; lastKnownFileType = sourcecode.swift; path = NViewCard.swift; sourceTree = "<group>"; };
		B7CFD1EE1FFF46E80004F4F2 /* Procedure.storyboard */ = {isa = PBXFileReference; lastKnownFileType = file.storyboard; path = Procedure.storyboard; sourceTree = "<group>"; };
		B7CFD1F21FFF49940004F4F2 /* ProcedureViewController.swift */ = {isa = PBXFileReference; lastKnownFileType = sourcecode.swift; path = ProcedureViewController.swift; sourceTree = "<group>"; };
		B7CFD1F41FFF4A190004F4F2 /* HomeCellTableViewCell.swift */ = {isa = PBXFileReference; lastKnownFileType = sourcecode.swift; path = HomeCellTableViewCell.swift; sourceTree = "<group>"; };
		B7CFD1F61FFF4AA70004F4F2 /* HomeController.swift */ = {isa = PBXFileReference; lastKnownFileType = sourcecode.swift; path = HomeController.swift; sourceTree = "<group>"; };
		B7CFD1F81FFF4C300004F4F2 /* ProcedureController.swift */ = {isa = PBXFileReference; lastKnownFileType = sourcecode.swift; path = ProcedureController.swift; sourceTree = "<group>"; };
		B7E5F8581FF0DFAF00FA7789 /* Helper.storyboard */ = {isa = PBXFileReference; lastKnownFileType = file.storyboard; path = Helper.storyboard; sourceTree = "<group>"; };
		B7E5F85B1FF0E02F00FA7789 /* LoadingPresentation.swift */ = {isa = PBXFileReference; lastKnownFileType = sourcecode.swift; path = LoadingPresentation.swift; sourceTree = "<group>"; };
		B7E5F8601FF0E10D00FA7789 /* LoadingViewController.swift */ = {isa = PBXFileReference; lastKnownFileType = sourcecode.swift; path = LoadingViewController.swift; sourceTree = "<group>"; };
		B7E5F8641FF0F26A00FA7789 /* User.swift */ = {isa = PBXFileReference; lastKnownFileType = sourcecode.swift; path = User.swift; sourceTree = "<group>"; };
		B7FB60FE1FFCD63500560472 /* MoreViewController.swift */ = {isa = PBXFileReference; lastKnownFileType = sourcecode.swift; path = MoreViewController.swift; sourceTree = "<group>"; };
		B7FB61011FFCD81400560472 /* tab-home.png */ = {isa = PBXFileReference; lastKnownFileType = image.png; path = "tab-home.png"; sourceTree = "<group>"; };
		B7FB61031FFCD81700560472 /* tab-more.png */ = {isa = PBXFileReference; lastKnownFileType = image.png; path = "tab-more.png"; sourceTree = "<group>"; };
		B7FB61041FFCD81700560472 /* tab-patient.png */ = {isa = PBXFileReference; lastKnownFileType = image.png; path = "tab-patient.png"; sourceTree = "<group>"; };
		B7FB61091FFCDA4800560472 /* ic-draft.png */ = {isa = PBXFileReference; lastKnownFileType = image.png; path = "ic-draft.png"; sourceTree = "<group>"; };
		B7FB610A1FFCDA4A00560472 /* ic-facebook.png */ = {isa = PBXFileReference; lastKnownFileType = image.png; path = "ic-facebook.png"; sourceTree = "<group>"; };
		B7FB610B1FFCDA4A00560472 /* ic-logout.png */ = {isa = PBXFileReference; lastKnownFileType = image.png; path = "ic-logout.png"; sourceTree = "<group>"; };
		B7FB610C1FFCDA4B00560472 /* ic-form.png */ = {isa = PBXFileReference; lastKnownFileType = image.png; path = "ic-form.png"; sourceTree = "<group>"; };
		B7FB610D1FFCDA4B00560472 /* ic-passcode.png */ = {isa = PBXFileReference; lastKnownFileType = image.png; path = "ic-passcode.png"; sourceTree = "<group>"; };
		B7FB61131FFCDB9200560472 /* MoreController.swift */ = {isa = PBXFileReference; lastKnownFileType = sourcecode.swift; path = MoreController.swift; sourceTree = "<group>"; };
		B7FB611D1FFCED4300560472 /* FirstViewController.swift */ = {isa = PBXFileReference; lastKnownFileType = sourcecode.swift; path = FirstViewController.swift; sourceTree = "<group>"; };
		B7FB611F1FFCED9200560472 /* FirstController.swift */ = {isa = PBXFileReference; lastKnownFileType = sourcecode.swift; path = FirstController.swift; sourceTree = "<group>"; };
		C3FA76ED9B9AD080CD7A34DE /* Pods-BinlaLog.release.xcconfig */ = {isa = PBXFileReference; includeInIndex = 1; lastKnownFileType = text.xcconfig; name = "Pods-BinlaLog.release.xcconfig"; path = "Pods/Target Support Files/Pods-BinlaLog/Pods-BinlaLog.release.xcconfig"; sourceTree = "<group>"; };
		E3E6DF1F49F76AC8291A1C5C /* Pods-BinlaLogUITests.debug.xcconfig */ = {isa = PBXFileReference; includeInIndex = 1; lastKnownFileType = text.xcconfig; name = "Pods-BinlaLogUITests.debug.xcconfig"; path = "Pods/Target Support Files/Pods-BinlaLogUITests/Pods-BinlaLogUITests.debug.xcconfig"; sourceTree = "<group>"; };
		ECD91D67B765BDF42832BEF2 /* Pods_BinlaLogUITests.framework */ = {isa = PBXFileReference; explicitFileType = wrapper.framework; includeInIndex = 0; path = Pods_BinlaLogUITests.framework; sourceTree = BUILT_PRODUCTS_DIR; };
		EE868201C6BB1F1E52F61D71 /* Pods_BinlaLog.framework */ = {isa = PBXFileReference; explicitFileType = wrapper.framework; includeInIndex = 0; path = Pods_BinlaLog.framework; sourceTree = BUILT_PRODUCTS_DIR; };
		F53377D0DF473BA8C3DBE343 /* Pods-BinlaLogTests.debug.xcconfig */ = {isa = PBXFileReference; includeInIndex = 1; lastKnownFileType = text.xcconfig; name = "Pods-BinlaLogTests.debug.xcconfig"; path = "Pods/Target Support Files/Pods-BinlaLogTests/Pods-BinlaLogTests.debug.xcconfig"; sourceTree = "<group>"; };
/* End PBXFileReference section */

/* Begin PBXFrameworksBuildPhase section */
		B72ED8131FF0B7C10088F78C /* Frameworks */ = {
			isa = PBXFrameworksBuildPhase;
			buildActionMask = 2147483647;
			files = (
				4822D4892713A7FB550D470F /* Pods_BinlaLog.framework in Frameworks */,
			);
			runOnlyForDeploymentPostprocessing = 0;
		};
		B72ED8271FF0B7C20088F78C /* Frameworks */ = {
			isa = PBXFrameworksBuildPhase;
			buildActionMask = 2147483647;
			files = (
				648617830048B7FF6756E8EA /* Pods_BinlaLogTests.framework in Frameworks */,
			);
			runOnlyForDeploymentPostprocessing = 0;
		};
		B72ED8321FF0B7C20088F78C /* Frameworks */ = {
			isa = PBXFrameworksBuildPhase;
			buildActionMask = 2147483647;
			files = (
				4D1348D3C7BC6A6E1E41B272 /* Pods_BinlaLogUITests.framework in Frameworks */,
			);
			runOnlyForDeploymentPostprocessing = 0;
		};
/* End PBXFrameworksBuildPhase section */

/* Begin PBXGroup section */
		72A53F86193209A5B7420D0E /* Frameworks */ = {
			isa = PBXGroup;
			children = (
				EE868201C6BB1F1E52F61D71 /* Pods_BinlaLog.framework */,
				34CC892160410A7678BAA6F6 /* Pods_BinlaLogTests.framework */,
				ECD91D67B765BDF42832BEF2 /* Pods_BinlaLogUITests.framework */,
			);
			name = Frameworks;
			sourceTree = "<group>";
		};
		B71414D31FFE16B500BB5B00 /* Button */ = {
			isa = PBXGroup;
			children = (
				B71414D41FFE16C600BB5B00 /* NButtonBorder.swift */,
			);
			path = Button;
			sourceTree = "<group>";
		};
		B71414D61FFE299500BB5B00 /* rotation */ = {
			isa = PBXGroup;
			children = (
				B71414D71FFE29B300BB5B00 /* rotation-ped.png */,
			);
			path = rotation;
			sourceTree = "<group>";
		};
		B71414D91FFE30AA00BB5B00 /* Emotions */ = {
			isa = PBXGroup;
			children = (
				B71414E01FFE30CC00BB5B00 /* emotion-angry-grey.png */,
				B71414DF1FFE30CA00BB5B00 /* emotion-angry.png */,
				B71414DD1FFE30C700BB5B00 /* emotion-crying-grey.png */,
				B71414E11FFE30CC00BB5B00 /* emotion-crying.png */,
				B71414DE1FFE30C800BB5B00 /* emotion-love-grey.png */,
				B71414DB1FFE30C400BB5B00 /* emotion-love.png */,
				B71414DA1FFE30C200BB5B00 /* emotion-smile-grey.png */,
				B71414E21FFE30CE00BB5B00 /* emotion-smile.png */,
				B71414E31FFE30D300BB5B00 /* emotion-straight-grey.png */,
				B71414DC1FFE30C500BB5B00 /* emotion-straight.png */,
			);
			path = Emotions;
			sourceTree = "<group>";
		};
		B72ED80D1FF0B7C10088F78C = {
			isa = PBXGroup;
			children = (
				B72ED8181FF0B7C10088F78C /* BinlaLog */,
				B72ED82D1FF0B7C20088F78C /* BinlaLogTests */,
				B72ED8381FF0B7C20088F78C /* BinlaLogUITests */,
				B72ED8171FF0B7C10088F78C /* Products */,
				D6313FC269A73CDFF02E7DAD /* Pods */,
				72A53F86193209A5B7420D0E /* Frameworks */,
			);
			sourceTree = "<group>";
		};
		B72ED8171FF0B7C10088F78C /* Products */ = {
			isa = PBXGroup;
			children = (
				B72ED8161FF0B7C10088F78C /* BinlaLog.app */,
				B72ED82A1FF0B7C20088F78C /* BinlaLogTests.xctest */,
				B72ED8351FF0B7C20088F78C /* BinlaLogUITests.xctest */,
			);
			name = Products;
			sourceTree = "<group>";
		};
		B72ED8181FF0B7C10088F78C /* BinlaLog */ = {
			isa = PBXGroup;
			children = (
				B7A6C5881FF0BF7E00F5A5AD /* Helper */,
				B7A6C5841FF0BDB500F5A5AD /* Resource */,
				B72ED8481FF0B85E0088F78C /* View */,
				B72ED84A1FF0B8830088F78C /* Presentation */,
				B72ED84B1FF0B9BB0088F78C /* ViewController */,
				B72ED8491FF0B8630088F78C /* Controller */,
				B7E5F8661FF0F29400FA7789 /* Back */,
				B7E5F8621FF0F1D600FA7789 /* API */,
				B72ED8471FF0B84E0088F78C /* Model */,
				B72ED8191FF0B7C10088F78C /* AppDelegate.swift */,
				B72ED8201FF0B7C10088F78C /* Assets.xcassets */,
				B72ED8221FF0B7C10088F78C /* LaunchScreen.storyboard */,
				B72ED8251FF0B7C10088F78C /* Info.plist */,
			);
			path = BinlaLog;
			sourceTree = "<group>";
		};
		B72ED82D1FF0B7C20088F78C /* BinlaLogTests */ = {
			isa = PBXGroup;
			children = (
				B72ED82E1FF0B7C20088F78C /* BinlaLogTests.swift */,
				B72ED8301FF0B7C20088F78C /* Info.plist */,
			);
			path = BinlaLogTests;
			sourceTree = "<group>";
		};
		B72ED8381FF0B7C20088F78C /* BinlaLogUITests */ = {
			isa = PBXGroup;
			children = (
				B72ED8391FF0B7C20088F78C /* BinlaLogUITests.swift */,
				B72ED83B1FF0B7C20088F78C /* Info.plist */,
			);
			path = BinlaLogUITests;
			sourceTree = "<group>";
		};
		B72ED8471FF0B84E0088F78C /* Model */ = {
			isa = PBXGroup;
			children = (
				B7E5F8641FF0F26A00FA7789 /* User.swift */,
			);
			path = Model;
			sourceTree = "<group>";
		};
		B72ED8481FF0B85E0088F78C /* View */ = {
			isa = PBXGroup;
			children = (
				B72ED81D1FF0B7C10088F78C /* Main.storyboard */,
				B7E5F8581FF0DFAF00FA7789 /* Helper.storyboard */,
				B7CFD1EE1FFF46E80004F4F2 /* Procedure.storyboard */,
				B7781E6D1FFF71820078E56A /* Patient.storyboard */,
			);
			path = View;
			sourceTree = "<group>";
		};
		B72ED8491FF0B8630088F78C /* Controller */ = {
			isa = PBXGroup;
			children = (
				B7CFD1F11FFF47DF0004F4F2 /* Procedure */,
				B7A6C5941FF0DA5500F5A5AD /* Main */,
				B7781E721FFF760B0078E56A /* Patient */,
			);
			path = Controller;
			sourceTree = "<group>";
		};
		B72ED84A1FF0B8830088F78C /* Presentation */ = {
			isa = PBXGroup;
			children = (
				B7E5F85A1FF0E01600FA7789 /* Helper */,
				B7A6C5801FF0BB3E00F5A5AD /* Main */,
			);
			path = Presentation;
			sourceTree = "<group>";
		};
		B72ED84B1FF0B9BB0088F78C /* ViewController */ = {
			isa = PBXGroup;
			children = (
				B7E5F85D1FF0E09400FA7789 /* Helper */,
				B7A6C58B1FF0BFB100F5A5AD /* Main */,
				B7CFD1F01FFF47D60004F4F2 /* Procedure */,
				B7781E6F1FFF75020078E56A /* Patient */,
			);
			path = ViewController;
			sourceTree = "<group>";
		};
		B75EA6961FFCCBD400B9A5DC /* icons */ = {
			isa = PBXGroup;
			children = (
				B7CFD1E51FFF410F0004F4F2 /* ic-star.png */,
				B7CFD1E31FFF3E390004F4F2 /* ic-location.png */,
				B7CFD1DE1FFF39DC0004F4F2 /* ic-edit.png */,
				B7CFD1DC1FFF334D0004F4F2 /* ic-tag.png */,
				B75EA6981FFCCBF500B9A5DC /* ic-key.png */,
				B75EA6971FFCCBF500B9A5DC /* ic-user.png */,
				B7FB61091FFCDA4800560472 /* ic-draft.png */,
				B7FB610A1FFCDA4A00560472 /* ic-facebook.png */,
				B7FB610C1FFCDA4B00560472 /* ic-form.png */,
				B7FB610B1FFCDA4A00560472 /* ic-logout.png */,
				B7FB610D1FFCDA4B00560472 /* ic-passcode.png */,
			);
			path = icons;
			sourceTree = "<group>";
		};
		B7781E6F1FFF75020078E56A /* Patient */ = {
			isa = PBXGroup;
			children = (
				B7781E701FFF751A0078E56A /* PatientViewController.swift */,
			);
			path = Patient;
			sourceTree = "<group>";
		};
		B7781E721FFF760B0078E56A /* Patient */ = {
			isa = PBXGroup;
			children = (
				B7781E731FFF761D0078E56A /* PatientController.swift */,
			);
			path = Patient;
			sourceTree = "<group>";
		};
		B7A6C5801FF0BB3E00F5A5AD /* Main */ = {
			isa = PBXGroup;
			children = (
				B7A6C5811FF0BB6D00F5A5AD /* LoginPresentation.swift */,
				B7CFD1F41FFF4A190004F4F2 /* HomeCellTableViewCell.swift */,
			);
			path = Main;
			sourceTree = "<group>";
		};
		B7A6C5841FF0BDB500F5A5AD /* Resource */ = {
			isa = PBXGroup;
			children = (
				B7A6C5851FF0BDBE00F5A5AD /* Images */,
			);
			path = Resource;
			sourceTree = "<group>";
		};
		B7A6C5851FF0BDBE00F5A5AD /* Images */ = {
			isa = PBXGroup;
			children = (
				B7CFD1E01FFF3A690004F4F2 /* Pictures */,
				B71414D91FFE30AA00BB5B00 /* Emotions */,
				B71414D61FFE299500BB5B00 /* rotation */,
				B7FB61001FFCD7FC00560472 /* tabs */,
				B75EA6961FFCCBD400B9A5DC /* icons */,
				B7A6C5921FF0D89A00F5A5AD /* Logo.png */,
			);
			path = Images;
			sourceTree = "<group>";
		};
		B7A6C5881FF0BF7E00F5A5AD /* Helper */ = {
			isa = PBXGroup;
			children = (
				B7CFD1EB1FFF44DD0004F4F2 /* View */,
				B71414D31FFE16B500BB5B00 /* Button */,
				B7A6C5891FF0BF9100F5A5AD /* Helper.swift */,
				B7A6C58E1FF0C67D00F5A5AD /* Constant.swift */,
				B75EA68C1FFCA0CF00B9A5DC /* Keyboard.swift */,
				B75EA68E1FFCAA1900B9A5DC /* ScrollView.swift */,
				B75EA6901FFCC44000B9A5DC /* NTextField.swift */,
			);
			path = Helper;
			sourceTree = "<group>";
		};
		B7A6C58B1FF0BFB100F5A5AD /* Main */ = {
			isa = PBXGroup;
			children = (
				B7FB611D1FFCED4300560472 /* FirstViewController.swift */,
				B7A6C58C1FF0BFD600F5A5AD /* LoginViewController.swift */,
				B71414D11FFE125B00BB5B00 /* HomeViewController.swift */,
				B74FF13B1FFE3E07008DFD00 /* HistoryViewController.swift */,
				B71414F01FFE332400BB5B00 /* HistoryRotationViewController.swift */,
				B7CFD1DA1FFF32170004F4F2 /* HistoryPatientViewController.swift */,
				B7FB60FE1FFCD63500560472 /* MoreViewController.swift */,
			);
			path = Main;
			sourceTree = "<group>";
		};
		B7A6C5941FF0DA5500F5A5AD /* Main */ = {
			isa = PBXGroup;
			children = (
				B7FB611F1FFCED9200560472 /* FirstController.swift */,
				B7A6C5951FF0DA6E00F5A5AD /* LoginController.swift */,
				B7FB61131FFCDB9200560472 /* MoreController.swift */,
				B74FF13D1FFE3EFE008DFD00 /* HistoryController.swift */,
				B7CFD1F61FFF4AA70004F4F2 /* HomeController.swift */,
			);
			path = Main;
			sourceTree = "<group>";
		};
		B7CFD1E01FFF3A690004F4F2 /* Pictures */ = {
			isa = PBXGroup;
			children = (
				B7CFD1E71FFF42130004F4F2 /* pic-patient.png */,
				B7CFD1E81FFF42180004F4F2 /* pic-procedure.png */,
				B7CFD1E11FFF3A770004F4F2 /* pic-profile.png */,
			);
			path = Pictures;
			sourceTree = "<group>";
		};
		B7CFD1EB1FFF44DD0004F4F2 /* View */ = {
			isa = PBXGroup;
			children = (
				B7CFD1EC1FFF44F00004F4F2 /* NViewCard.swift */,
			);
			path = View;
			sourceTree = "<group>";
		};
		B7CFD1F01FFF47D60004F4F2 /* Procedure */ = {
			isa = PBXGroup;
			children = (
				B7CFD1F21FFF49940004F4F2 /* ProcedureViewController.swift */,
			);
			path = Procedure;
			sourceTree = "<group>";
		};
		B7CFD1F11FFF47DF0004F4F2 /* Procedure */ = {
			isa = PBXGroup;
			children = (
				B7CFD1F81FFF4C300004F4F2 /* ProcedureController.swift */,
			);
			path = Procedure;
			sourceTree = "<group>";
		};
		B7E5F85A1FF0E01600FA7789 /* Helper */ = {
			isa = PBXGroup;
			children = (
				B7E5F85B1FF0E02F00FA7789 /* LoadingPresentation.swift */,
			);
			path = Helper;
			sourceTree = "<group>";
		};
		B7E5F85D1FF0E09400FA7789 /* Helper */ = {
			isa = PBXGroup;
			children = (
				B7E5F8601FF0E10D00FA7789 /* LoadingViewController.swift */,
			);
			path = Helper;
			sourceTree = "<group>";
		};
		B7E5F8621FF0F1D600FA7789 /* API */ = {
			isa = PBXGroup;
			children = (
				B79ACA0A1FF0FAD4005BBAB4 /* API.swift */,
				B79ACA061FF0F443005BBAB4 /* APIUser.swift */,
				B7781E691FFF69C80078E56A /* APIPatient.swift */,
				B7781E6B1FFF6BB40078E56A /* APIProcedure.swift */,
			);
			path = API;
			sourceTree = "<group>";
		};
		B7E5F8661FF0F29400FA7789 /* Back */ = {
			isa = PBXGroup;
			children = (
				B79ACA0C1FF109FA005BBAB4 /* Back.swift */,
				B79ACA081FF0F44E005BBAB4 /* BackUser.swift */,
			);
			path = Back;
			sourceTree = "<group>";
		};
		B7FB61001FFCD7FC00560472 /* tabs */ = {
			isa = PBXGroup;
			children = (
				B7FB61011FFCD81400560472 /* tab-home.png */,
				B7FB61031FFCD81700560472 /* tab-more.png */,
				B7FB61041FFCD81700560472 /* tab-patient.png */,
			);
			path = tabs;
			sourceTree = "<group>";
		};
		D6313FC269A73CDFF02E7DAD /* Pods */ = {
			isa = PBXGroup;
			children = (
				770D6A4F0DCADE0FEB06F6A9 /* Pods-BinlaLog.debug.xcconfig */,
				C3FA76ED9B9AD080CD7A34DE /* Pods-BinlaLog.release.xcconfig */,
				F53377D0DF473BA8C3DBE343 /* Pods-BinlaLogTests.debug.xcconfig */,
				70C803951049C6A98150AC17 /* Pods-BinlaLogTests.release.xcconfig */,
				E3E6DF1F49F76AC8291A1C5C /* Pods-BinlaLogUITests.debug.xcconfig */,
				5D0ACF6E985F94210B27E73C /* Pods-BinlaLogUITests.release.xcconfig */,
			);
			name = Pods;
			sourceTree = "<group>";
		};
/* End PBXGroup section */

/* Begin PBXNativeTarget section */
		B72ED8151FF0B7C10088F78C /* BinlaLog */ = {
			isa = PBXNativeTarget;
			buildConfigurationList = B72ED83E1FF0B7C20088F78C /* Build configuration list for PBXNativeTarget "BinlaLog" */;
			buildPhases = (
				12574F31C364606982EFCACA /* [CP] Check Pods Manifest.lock */,
				B72ED8121FF0B7C10088F78C /* Sources */,
				B72ED8131FF0B7C10088F78C /* Frameworks */,
				B72ED8141FF0B7C10088F78C /* Resources */,
				0E971CEE2EB00E127CB5D570 /* [CP] Embed Pods Frameworks */,
				7B9EFFC0B4F28E82DFFB65D0 /* [CP] Copy Pods Resources */,
			);
			buildRules = (
			);
			dependencies = (
			);
			name = BinlaLog;
			productName = BinlaLog;
			productReference = B72ED8161FF0B7C10088F78C /* BinlaLog.app */;
			productType = "com.apple.product-type.application";
		};
		B72ED8291FF0B7C20088F78C /* BinlaLogTests */ = {
			isa = PBXNativeTarget;
			buildConfigurationList = B72ED8411FF0B7C20088F78C /* Build configuration list for PBXNativeTarget "BinlaLogTests" */;
			buildPhases = (
				872D884E49BDF5AF72DD8A97 /* [CP] Check Pods Manifest.lock */,
				B72ED8261FF0B7C20088F78C /* Sources */,
				B72ED8271FF0B7C20088F78C /* Frameworks */,
				B72ED8281FF0B7C20088F78C /* Resources */,
				83565B5EC997C403E47A446B /* [CP] Embed Pods Frameworks */,
				4376BE6D7C5346269D0E1B13 /* [CP] Copy Pods Resources */,
			);
			buildRules = (
			);
			dependencies = (
				B72ED82C1FF0B7C20088F78C /* PBXTargetDependency */,
			);
			name = BinlaLogTests;
			productName = BinlaLogTests;
			productReference = B72ED82A1FF0B7C20088F78C /* BinlaLogTests.xctest */;
			productType = "com.apple.product-type.bundle.unit-test";
		};
		B72ED8341FF0B7C20088F78C /* BinlaLogUITests */ = {
			isa = PBXNativeTarget;
			buildConfigurationList = B72ED8441FF0B7C20088F78C /* Build configuration list for PBXNativeTarget "BinlaLogUITests" */;
			buildPhases = (
				1422528378976156DE87B2CC /* [CP] Check Pods Manifest.lock */,
				B72ED8311FF0B7C20088F78C /* Sources */,
				B72ED8321FF0B7C20088F78C /* Frameworks */,
				B72ED8331FF0B7C20088F78C /* Resources */,
				818EABE107EAAAC003327B33 /* [CP] Embed Pods Frameworks */,
				4F4C9140FCCCA9493CDE6321 /* [CP] Copy Pods Resources */,
			);
			buildRules = (
			);
			dependencies = (
				B72ED8371FF0B7C20088F78C /* PBXTargetDependency */,
			);
			name = BinlaLogUITests;
			productName = BinlaLogUITests;
			productReference = B72ED8351FF0B7C20088F78C /* BinlaLogUITests.xctest */;
			productType = "com.apple.product-type.bundle.ui-testing";
		};
/* End PBXNativeTarget section */

/* Begin PBXProject section */
		B72ED80E1FF0B7C10088F78C /* Project object */ = {
			isa = PBXProject;
			attributes = {
				LastSwiftUpdateCheck = 0910;
				LastUpgradeCheck = 0910;
				ORGANIZATIONNAME = Tanakorn;
				TargetAttributes = {
					B72ED8151FF0B7C10088F78C = {
						CreatedOnToolsVersion = 9.1;
						ProvisioningStyle = Automatic;
					};
					B72ED8291FF0B7C20088F78C = {
						CreatedOnToolsVersion = 9.1;
						ProvisioningStyle = Automatic;
						TestTargetID = B72ED8151FF0B7C10088F78C;
					};
					B72ED8341FF0B7C20088F78C = {
						CreatedOnToolsVersion = 9.1;
						ProvisioningStyle = Automatic;
						TestTargetID = B72ED8151FF0B7C10088F78C;
					};
				};
			};
			buildConfigurationList = B72ED8111FF0B7C10088F78C /* Build configuration list for PBXProject "BinlaLog" */;
			compatibilityVersion = "Xcode 8.0";
			developmentRegion = en;
			hasScannedForEncodings = 0;
			knownRegions = (
				en,
				Base,
			);
			mainGroup = B72ED80D1FF0B7C10088F78C;
			productRefGroup = B72ED8171FF0B7C10088F78C /* Products */;
			projectDirPath = "";
			projectRoot = "";
			targets = (
				B72ED8151FF0B7C10088F78C /* BinlaLog */,
				B72ED8291FF0B7C20088F78C /* BinlaLogTests */,
				B72ED8341FF0B7C20088F78C /* BinlaLogUITests */,
			);
		};
/* End PBXProject section */

/* Begin PBXResourcesBuildPhase section */
		B72ED8141FF0B7C10088F78C /* Resources */ = {
			isa = PBXResourcesBuildPhase;
			buildActionMask = 2147483647;
			files = (
				B7CFD1E91FFF421B0004F4F2 /* pic-patient.png in Resources */,
				B7E5F8591FF0DFAF00FA7789 /* Helper.storyboard in Resources */,
				B7CFD1DF1FFF39DF0004F4F2 /* ic-edit.png in Resources */,
				B7CFD1DD1FFF334D0004F4F2 /* ic-tag.png in Resources */,
				B7FB610E1FFCDA4C00560472 /* ic-draft.png in Resources */,
				B71414ED1FFE30D500BB5B00 /* emotion-straight-grey.png in Resources */,
				B71414E61FFE30D500BB5B00 /* emotion-straight.png in Resources */,
				B7A6C5931FF0D8A100F5A5AD /* Logo.png in Resources */,
				B7CFD1EF1FFF46E80004F4F2 /* Procedure.storyboard in Resources */,
				B71414EA1FFE30D500BB5B00 /* emotion-angry-grey.png in Resources */,
				B71414E71FFE30D500BB5B00 /* emotion-crying-grey.png in Resources */,
				B71414E41FFE30D500BB5B00 /* emotion-smile-grey.png in Resources */,
				B7CFD1E61FFF41120004F4F2 /* ic-star.png in Resources */,
				B71414EC1FFE30D500BB5B00 /* emotion-smile.png in Resources */,
				B7FB61071FFCD81800560472 /* tab-more.png in Resources */,
				B7CFD1E41FFF3E3D0004F4F2 /* ic-location.png in Resources */,
				B75EA69A1FFCCBF600B9A5DC /* ic-key.png in Resources */,
				B71414EB1FFE30D500BB5B00 /* emotion-crying.png in Resources */,
				B7CFD1EA1FFF421B0004F4F2 /* pic-procedure.png in Resources */,
				B72ED8241FF0B7C10088F78C /* LaunchScreen.storyboard in Resources */,
				B71414E81FFE30D500BB5B00 /* emotion-love-grey.png in Resources */,
				B7781E6E1FFF71820078E56A /* Patient.storyboard in Resources */,
				B7CFD1E21FFF3A770004F4F2 /* pic-profile.png in Resources */,
				B7FB61051FFCD81800560472 /* tab-home.png in Resources */,
				B7FB61101FFCDA4C00560472 /* ic-logout.png in Resources */,
				B72ED8211FF0B7C10088F78C /* Assets.xcassets in Resources */,
				B71414D81FFE29B500BB5B00 /* rotation-ped.png in Resources */,
				B71414E51FFE30D500BB5B00 /* emotion-love.png in Resources */,
				B75EA6991FFCCBF600B9A5DC /* ic-user.png in Resources */,
				B7FB61081FFCD81800560472 /* tab-patient.png in Resources */,
				B7FB61111FFCDA4C00560472 /* ic-form.png in Resources */,
				B7FB61121FFCDA4C00560472 /* ic-passcode.png in Resources */,
				B71414E91FFE30D500BB5B00 /* emotion-angry.png in Resources */,
				B7FB610F1FFCDA4C00560472 /* ic-facebook.png in Resources */,
				B72ED81F1FF0B7C10088F78C /* Main.storyboard in Resources */,
			);
			runOnlyForDeploymentPostprocessing = 0;
		};
		B72ED8281FF0B7C20088F78C /* Resources */ = {
			isa = PBXResourcesBuildPhase;
			buildActionMask = 2147483647;
			files = (
			);
			runOnlyForDeploymentPostprocessing = 0;
		};
		B72ED8331FF0B7C20088F78C /* Resources */ = {
			isa = PBXResourcesBuildPhase;
			buildActionMask = 2147483647;
			files = (
			);
			runOnlyForDeploymentPostprocessing = 0;
		};
/* End PBXResourcesBuildPhase section */

/* Begin PBXShellScriptBuildPhase section */
		0E971CEE2EB00E127CB5D570 /* [CP] Embed Pods Frameworks */ = {
			isa = PBXShellScriptBuildPhase;
			buildActionMask = 2147483647;
			files = (
			);
			inputPaths = (
			);
			name = "[CP] Embed Pods Frameworks";
			outputPaths = (
			);
			runOnlyForDeploymentPostprocessing = 0;
			shellPath = /bin/sh;
			shellScript = "\"${SRCROOT}/Pods/Target Support Files/Pods-BinlaLog/Pods-BinlaLog-frameworks.sh\"\n";
			showEnvVarsInLog = 0;
		};
		12574F31C364606982EFCACA /* [CP] Check Pods Manifest.lock */ = {
			isa = PBXShellScriptBuildPhase;
			buildActionMask = 2147483647;
			files = (
			);
			inputPaths = (
			);
			name = "[CP] Check Pods Manifest.lock";
			outputPaths = (
			);
			runOnlyForDeploymentPostprocessing = 0;
			shellPath = /bin/sh;
			shellScript = "diff \"${PODS_ROOT}/../Podfile.lock\" \"${PODS_ROOT}/Manifest.lock\" > /dev/null\nif [ $? != 0 ] ; then\n    # print error to STDERR\n    echo \"error: The sandbox is not in sync with the Podfile.lock. Run 'pod install' or update your CocoaPods installation.\" >&2\n    exit 1\nfi\n";
			showEnvVarsInLog = 0;
		};
		1422528378976156DE87B2CC /* [CP] Check Pods Manifest.lock */ = {
			isa = PBXShellScriptBuildPhase;
			buildActionMask = 2147483647;
			files = (
			);
			inputPaths = (
			);
			name = "[CP] Check Pods Manifest.lock";
			outputPaths = (
			);
			runOnlyForDeploymentPostprocessing = 0;
			shellPath = /bin/sh;
			shellScript = "diff \"${PODS_ROOT}/../Podfile.lock\" \"${PODS_ROOT}/Manifest.lock\" > /dev/null\nif [ $? != 0 ] ; then\n    # print error to STDERR\n    echo \"error: The sandbox is not in sync with the Podfile.lock. Run 'pod install' or update your CocoaPods installation.\" >&2\n    exit 1\nfi\n";
			showEnvVarsInLog = 0;
		};
		4376BE6D7C5346269D0E1B13 /* [CP] Copy Pods Resources */ = {
			isa = PBXShellScriptBuildPhase;
			buildActionMask = 2147483647;
			files = (
			);
			inputPaths = (
			);
			name = "[CP] Copy Pods Resources";
			outputPaths = (
			);
			runOnlyForDeploymentPostprocessing = 0;
			shellPath = /bin/sh;
			shellScript = "\"${SRCROOT}/Pods/Target Support Files/Pods-BinlaLogTests/Pods-BinlaLogTests-resources.sh\"\n";
			showEnvVarsInLog = 0;
		};
		4F4C9140FCCCA9493CDE6321 /* [CP] Copy Pods Resources */ = {
			isa = PBXShellScriptBuildPhase;
			buildActionMask = 2147483647;
			files = (
			);
			inputPaths = (
			);
			name = "[CP] Copy Pods Resources";
			outputPaths = (
			);
			runOnlyForDeploymentPostprocessing = 0;
			shellPath = /bin/sh;
			shellScript = "\"${SRCROOT}/Pods/Target Support Files/Pods-BinlaLogUITests/Pods-BinlaLogUITests-resources.sh\"\n";
			showEnvVarsInLog = 0;
		};
		7B9EFFC0B4F28E82DFFB65D0 /* [CP] Copy Pods Resources */ = {
			isa = PBXShellScriptBuildPhase;
			buildActionMask = 2147483647;
			files = (
			);
			inputPaths = (
			);
			name = "[CP] Copy Pods Resources";
			outputPaths = (
			);
			runOnlyForDeploymentPostprocessing = 0;
			shellPath = /bin/sh;
			shellScript = "\"${SRCROOT}/Pods/Target Support Files/Pods-BinlaLog/Pods-BinlaLog-resources.sh\"\n";
			showEnvVarsInLog = 0;
		};
		818EABE107EAAAC003327B33 /* [CP] Embed Pods Frameworks */ = {
			isa = PBXShellScriptBuildPhase;
			buildActionMask = 2147483647;
			files = (
			);
			inputPaths = (
			);
			name = "[CP] Embed Pods Frameworks";
			outputPaths = (
			);
			runOnlyForDeploymentPostprocessing = 0;
			shellPath = /bin/sh;
			shellScript = "\"${SRCROOT}/Pods/Target Support Files/Pods-BinlaLogUITests/Pods-BinlaLogUITests-frameworks.sh\"\n";
			showEnvVarsInLog = 0;
		};
		83565B5EC997C403E47A446B /* [CP] Embed Pods Frameworks */ = {
			isa = PBXShellScriptBuildPhase;
			buildActionMask = 2147483647;
			files = (
			);
			inputPaths = (
			);
			name = "[CP] Embed Pods Frameworks";
			outputPaths = (
			);
			runOnlyForDeploymentPostprocessing = 0;
			shellPath = /bin/sh;
			shellScript = "\"${SRCROOT}/Pods/Target Support Files/Pods-BinlaLogTests/Pods-BinlaLogTests-frameworks.sh\"\n";
			showEnvVarsInLog = 0;
		};
		872D884E49BDF5AF72DD8A97 /* [CP] Check Pods Manifest.lock */ = {
			isa = PBXShellScriptBuildPhase;
			buildActionMask = 2147483647;
			files = (
			);
			inputPaths = (
			);
			name = "[CP] Check Pods Manifest.lock";
			outputPaths = (
			);
			runOnlyForDeploymentPostprocessing = 0;
			shellPath = /bin/sh;
			shellScript = "diff \"${PODS_ROOT}/../Podfile.lock\" \"${PODS_ROOT}/Manifest.lock\" > /dev/null\nif [ $? != 0 ] ; then\n    # print error to STDERR\n    echo \"error: The sandbox is not in sync with the Podfile.lock. Run 'pod install' or update your CocoaPods installation.\" >&2\n    exit 1\nfi\n";
			showEnvVarsInLog = 0;
		};
/* End PBXShellScriptBuildPhase section */

/* Begin PBXSourcesBuildPhase section */
		B72ED8121FF0B7C10088F78C /* Sources */ = {
			isa = PBXSourcesBuildPhase;
			buildActionMask = 2147483647;
			files = (
				B7A6C58D1FF0BFD600F5A5AD /* LoginViewController.swift in Sources */,
				B7781E6C1FFF6BB40078E56A /* APIProcedure.swift in Sources */,
				B7A6C5961FF0DA6F00F5A5AD /* LoginController.swift in Sources */,
				B7A6C5821FF0BB6D00F5A5AD /* LoginPresentation.swift in Sources */,
				B79ACA0D1FF109FA005BBAB4 /* Back.swift in Sources */,
				B7E5F8611FF0E10D00FA7789 /* LoadingViewController.swift in Sources */,
				B7CFD1F51FFF4A190004F4F2 /* HomeCellTableViewCell.swift in Sources */,
				B71414D21FFE125B00BB5B00 /* HomeViewController.swift in Sources */,
				B7CFD1F91FFF4C300004F4F2 /* ProcedureController.swift in Sources */,
				B71414F11FFE332400BB5B00 /* HistoryRotationViewController.swift in Sources */,
				B75EA68F1FFCAA1900B9A5DC /* ScrollView.swift in Sources */,
				B7A6C58F1FF0C67D00F5A5AD /* Constant.swift in Sources */,
				B7781E741FFF761D0078E56A /* PatientController.swift in Sources */,
				B75EA68D1FFCA0CF00B9A5DC /* Keyboard.swift in Sources */,
				B7FB60FF1FFCD63500560472 /* MoreViewController.swift in Sources */,
				B7781E711FFF751A0078E56A /* PatientViewController.swift in Sources */,
				B71414D51FFE16C600BB5B00 /* NButtonBorder.swift in Sources */,
				B7CFD1F31FFF49940004F4F2 /* ProcedureViewController.swift in Sources */,
				B7CFD1F71FFF4AA70004F4F2 /* HomeController.swift in Sources */,
				B7E5F8651FF0F26B00FA7789 /* User.swift in Sources */,
				B72ED81A1FF0B7C10088F78C /* AppDelegate.swift in Sources */,
				B79ACA091FF0F44E005BBAB4 /* BackUser.swift in Sources */,
				B7CFD1DB1FFF32170004F4F2 /* HistoryPatientViewController.swift in Sources */,
				B74FF13C1FFE3E07008DFD00 /* HistoryViewController.swift in Sources */,
				B7CFD1ED1FFF44F00004F4F2 /* NViewCard.swift in Sources */,
				B7FB61141FFCDB9200560472 /* MoreController.swift in Sources */,
				B7E5F85C1FF0E02F00FA7789 /* LoadingPresentation.swift in Sources */,
				B7FB611E1FFCED4300560472 /* FirstViewController.swift in Sources */,
				B74FF13E1FFE3EFE008DFD00 /* HistoryController.swift in Sources */,
				B7781E6A1FFF69C80078E56A /* APIPatient.swift in Sources */,
				B75EA6911FFCC44000B9A5DC /* NTextField.swift in Sources */,
				B7A6C58A1FF0BF9100F5A5AD /* Helper.swift in Sources */,
				B7FB61201FFCED9200560472 /* FirstController.swift in Sources */,
				B79ACA0B1FF0FAD4005BBAB4 /* API.swift in Sources */,
				B79ACA071FF0F443005BBAB4 /* APIUser.swift in Sources */,
			);
			runOnlyForDeploymentPostprocessing = 0;
		};
		B72ED8261FF0B7C20088F78C /* Sources */ = {
			isa = PBXSourcesBuildPhase;
			buildActionMask = 2147483647;
			files = (
				B72ED82F1FF0B7C20088F78C /* BinlaLogTests.swift in Sources */,
			);
			runOnlyForDeploymentPostprocessing = 0;
		};
		B72ED8311FF0B7C20088F78C /* Sources */ = {
			isa = PBXSourcesBuildPhase;
			buildActionMask = 2147483647;
			files = (
				B72ED83A1FF0B7C20088F78C /* BinlaLogUITests.swift in Sources */,
			);
			runOnlyForDeploymentPostprocessing = 0;
		};
/* End PBXSourcesBuildPhase section */

/* Begin PBXTargetDependency section */
		B72ED82C1FF0B7C20088F78C /* PBXTargetDependency */ = {
			isa = PBXTargetDependency;
			target = B72ED8151FF0B7C10088F78C /* BinlaLog */;
			targetProxy = B72ED82B1FF0B7C20088F78C /* PBXContainerItemProxy */;
		};
		B72ED8371FF0B7C20088F78C /* PBXTargetDependency */ = {
			isa = PBXTargetDependency;
			target = B72ED8151FF0B7C10088F78C /* BinlaLog */;
			targetProxy = B72ED8361FF0B7C20088F78C /* PBXContainerItemProxy */;
		};
/* End PBXTargetDependency section */

/* Begin PBXVariantGroup section */
		B72ED81D1FF0B7C10088F78C /* Main.storyboard */ = {
			isa = PBXVariantGroup;
			children = (
				B72ED81E1FF0B7C10088F78C /* Base */,
			);
			name = Main.storyboard;
			sourceTree = "<group>";
		};
		B72ED8221FF0B7C10088F78C /* LaunchScreen.storyboard */ = {
			isa = PBXVariantGroup;
			children = (
				B72ED8231FF0B7C10088F78C /* Base */,
			);
			name = LaunchScreen.storyboard;
			sourceTree = "<group>";
		};
/* End PBXVariantGroup section */

/* Begin XCBuildConfiguration section */
		B72ED83C1FF0B7C20088F78C /* Debug */ = {
			isa = XCBuildConfiguration;
			buildSettings = {
				ALWAYS_SEARCH_USER_PATHS = NO;
				CLANG_ANALYZER_NONNULL = YES;
				CLANG_ANALYZER_NUMBER_OBJECT_CONVERSION = YES_AGGRESSIVE;
				CLANG_CXX_LANGUAGE_STANDARD = "gnu++14";
				CLANG_CXX_LIBRARY = "libc++";
				CLANG_ENABLE_MODULES = YES;
				CLANG_ENABLE_OBJC_ARC = YES;
				CLANG_WARN_BLOCK_CAPTURE_AUTORELEASING = YES;
				CLANG_WARN_BOOL_CONVERSION = YES;
				CLANG_WARN_COMMA = YES;
				CLANG_WARN_CONSTANT_CONVERSION = YES;
				CLANG_WARN_DIRECT_OBJC_ISA_USAGE = YES_ERROR;
				CLANG_WARN_DOCUMENTATION_COMMENTS = YES;
				CLANG_WARN_EMPTY_BODY = YES;
				CLANG_WARN_ENUM_CONVERSION = YES;
				CLANG_WARN_INFINITE_RECURSION = YES;
				CLANG_WARN_INT_CONVERSION = YES;
				CLANG_WARN_NON_LITERAL_NULL_CONVERSION = YES;
				CLANG_WARN_OBJC_LITERAL_CONVERSION = YES;
				CLANG_WARN_OBJC_ROOT_CLASS = YES_ERROR;
				CLANG_WARN_RANGE_LOOP_ANALYSIS = YES;
				CLANG_WARN_STRICT_PROTOTYPES = YES;
				CLANG_WARN_SUSPICIOUS_MOVE = YES;
				CLANG_WARN_UNGUARDED_AVAILABILITY = YES_AGGRESSIVE;
				CLANG_WARN_UNREACHABLE_CODE = YES;
				CLANG_WARN__DUPLICATE_METHOD_MATCH = YES;
				CODE_SIGN_IDENTITY = "iPhone Developer";
				COPY_PHASE_STRIP = NO;
				DEBUG_INFORMATION_FORMAT = dwarf;
				ENABLE_STRICT_OBJC_MSGSEND = YES;
				ENABLE_TESTABILITY = YES;
				GCC_C_LANGUAGE_STANDARD = gnu11;
				GCC_DYNAMIC_NO_PIC = NO;
				GCC_NO_COMMON_BLOCKS = YES;
				GCC_OPTIMIZATION_LEVEL = 0;
				GCC_PREPROCESSOR_DEFINITIONS = (
					"DEBUG=1",
					"$(inherited)",
				);
				GCC_WARN_64_TO_32_BIT_CONVERSION = YES;
				GCC_WARN_ABOUT_RETURN_TYPE = YES_ERROR;
				GCC_WARN_UNDECLARED_SELECTOR = YES;
				GCC_WARN_UNINITIALIZED_AUTOS = YES_AGGRESSIVE;
				GCC_WARN_UNUSED_FUNCTION = YES;
				GCC_WARN_UNUSED_VARIABLE = YES;
				IPHONEOS_DEPLOYMENT_TARGET = 11.1;
				MTL_ENABLE_DEBUG_INFO = YES;
				ONLY_ACTIVE_ARCH = YES;
				SDKROOT = iphoneos;
				SWIFT_ACTIVE_COMPILATION_CONDITIONS = DEBUG;
				SWIFT_OPTIMIZATION_LEVEL = "-Onone";
			};
			name = Debug;
		};
		B72ED83D1FF0B7C20088F78C /* Release */ = {
			isa = XCBuildConfiguration;
			buildSettings = {
				ALWAYS_SEARCH_USER_PATHS = NO;
				CLANG_ANALYZER_NONNULL = YES;
				CLANG_ANALYZER_NUMBER_OBJECT_CONVERSION = YES_AGGRESSIVE;
				CLANG_CXX_LANGUAGE_STANDARD = "gnu++14";
				CLANG_CXX_LIBRARY = "libc++";
				CLANG_ENABLE_MODULES = YES;
				CLANG_ENABLE_OBJC_ARC = YES;
				CLANG_WARN_BLOCK_CAPTURE_AUTORELEASING = YES;
				CLANG_WARN_BOOL_CONVERSION = YES;
				CLANG_WARN_COMMA = YES;
				CLANG_WARN_CONSTANT_CONVERSION = YES;
				CLANG_WARN_DIRECT_OBJC_ISA_USAGE = YES_ERROR;
				CLANG_WARN_DOCUMENTATION_COMMENTS = YES;
				CLANG_WARN_EMPTY_BODY = YES;
				CLANG_WARN_ENUM_CONVERSION = YES;
				CLANG_WARN_INFINITE_RECURSION = YES;
				CLANG_WARN_INT_CONVERSION = YES;
				CLANG_WARN_NON_LITERAL_NULL_CONVERSION = YES;
				CLANG_WARN_OBJC_LITERAL_CONVERSION = YES;
				CLANG_WARN_OBJC_ROOT_CLASS = YES_ERROR;
				CLANG_WARN_RANGE_LOOP_ANALYSIS = YES;
				CLANG_WARN_STRICT_PROTOTYPES = YES;
				CLANG_WARN_SUSPICIOUS_MOVE = YES;
				CLANG_WARN_UNGUARDED_AVAILABILITY = YES_AGGRESSIVE;
				CLANG_WARN_UNREACHABLE_CODE = YES;
				CLANG_WARN__DUPLICATE_METHOD_MATCH = YES;
				CODE_SIGN_IDENTITY = "iPhone Developer";
				COPY_PHASE_STRIP = NO;
				DEBUG_INFORMATION_FORMAT = "dwarf-with-dsym";
				ENABLE_NS_ASSERTIONS = NO;
				ENABLE_STRICT_OBJC_MSGSEND = YES;
				GCC_C_LANGUAGE_STANDARD = gnu11;
				GCC_NO_COMMON_BLOCKS = YES;
				GCC_WARN_64_TO_32_BIT_CONVERSION = YES;
				GCC_WARN_ABOUT_RETURN_TYPE = YES_ERROR;
				GCC_WARN_UNDECLARED_SELECTOR = YES;
				GCC_WARN_UNINITIALIZED_AUTOS = YES_AGGRESSIVE;
				GCC_WARN_UNUSED_FUNCTION = YES;
				GCC_WARN_UNUSED_VARIABLE = YES;
				IPHONEOS_DEPLOYMENT_TARGET = 11.1;
				MTL_ENABLE_DEBUG_INFO = NO;
				SDKROOT = iphoneos;
				SWIFT_OPTIMIZATION_LEVEL = "-Owholemodule";
				VALIDATE_PRODUCT = YES;
			};
			name = Release;
		};
		B72ED83F1FF0B7C20088F78C /* Debug */ = {
			isa = XCBuildConfiguration;
			baseConfigurationReference = 770D6A4F0DCADE0FEB06F6A9 /* Pods-BinlaLog.debug.xcconfig */;
			buildSettings = {
				ASSETCATALOG_COMPILER_APPICON_NAME = AppIcon;
				CODE_SIGN_STYLE = Automatic;
				DEVELOPMENT_TEAM = T2KJV4DXXN;
				INFOPLIST_FILE = BinlaLog/Info.plist;
				IPHONEOS_DEPLOYMENT_TARGET = 8.0;
				LD_RUNPATH_SEARCH_PATHS = "$(inherited) @executable_path/Frameworks";
				PRODUCT_BUNDLE_IDENTIFIER = Nont.BinlaLog;
				PRODUCT_NAME = "$(TARGET_NAME)";
				SWIFT_VERSION = 4.0;
				TARGETED_DEVICE_FAMILY = "1,2";
			};
			name = Debug;
		};
		B72ED8401FF0B7C20088F78C /* Release */ = {
			isa = XCBuildConfiguration;
			baseConfigurationReference = C3FA76ED9B9AD080CD7A34DE /* Pods-BinlaLog.release.xcconfig */;
			buildSettings = {
				ASSETCATALOG_COMPILER_APPICON_NAME = AppIcon;
				CODE_SIGN_STYLE = Automatic;
				DEVELOPMENT_TEAM = T2KJV4DXXN;
				INFOPLIST_FILE = BinlaLog/Info.plist;
				IPHONEOS_DEPLOYMENT_TARGET = 8.0;
				LD_RUNPATH_SEARCH_PATHS = "$(inherited) @executable_path/Frameworks";
				PRODUCT_BUNDLE_IDENTIFIER = Nont.BinlaLog;
				PRODUCT_NAME = "$(TARGET_NAME)";
				SWIFT_VERSION = 4.0;
				TARGETED_DEVICE_FAMILY = "1,2";
			};
			name = Release;
		};
		B72ED8421FF0B7C20088F78C /* Debug */ = {
			isa = XCBuildConfiguration;
			baseConfigurationReference = F53377D0DF473BA8C3DBE343 /* Pods-BinlaLogTests.debug.xcconfig */;
			buildSettings = {
				ALWAYS_EMBED_SWIFT_STANDARD_LIBRARIES = YES;
				BUNDLE_LOADER = "$(TEST_HOST)";
				CODE_SIGN_STYLE = Automatic;
				DEVELOPMENT_TEAM = T2KJV4DXXN;
				INFOPLIST_FILE = BinlaLogTests/Info.plist;
				LD_RUNPATH_SEARCH_PATHS = "$(inherited) @executable_path/Frameworks @loader_path/Frameworks";
				PRODUCT_BUNDLE_IDENTIFIER = Nont.BinlaLogTests;
				PRODUCT_NAME = "$(TARGET_NAME)";
				SWIFT_VERSION = 4.0;
				TARGETED_DEVICE_FAMILY = "1,2";
				TEST_HOST = "$(BUILT_PRODUCTS_DIR)/BinlaLog.app/BinlaLog";
			};
			name = Debug;
		};
		B72ED8431FF0B7C20088F78C /* Release */ = {
			isa = XCBuildConfiguration;
			baseConfigurationReference = 70C803951049C6A98150AC17 /* Pods-BinlaLogTests.release.xcconfig */;
			buildSettings = {
				ALWAYS_EMBED_SWIFT_STANDARD_LIBRARIES = YES;
				BUNDLE_LOADER = "$(TEST_HOST)";
				CODE_SIGN_STYLE = Automatic;
				DEVELOPMENT_TEAM = T2KJV4DXXN;
				INFOPLIST_FILE = BinlaLogTests/Info.plist;
				LD_RUNPATH_SEARCH_PATHS = "$(inherited) @executable_path/Frameworks @loader_path/Frameworks";
				PRODUCT_BUNDLE_IDENTIFIER = Nont.BinlaLogTests;
				PRODUCT_NAME = "$(TARGET_NAME)";
				SWIFT_VERSION = 4.0;
				TARGETED_DEVICE_FAMILY = "1,2";
				TEST_HOST = "$(BUILT_PRODUCTS_DIR)/BinlaLog.app/BinlaLog";
			};
			name = Release;
		};
		B72ED8451FF0B7C20088F78C /* Debug */ = {
			isa = XCBuildConfiguration;
			baseConfigurationReference = E3E6DF1F49F76AC8291A1C5C /* Pods-BinlaLogUITests.debug.xcconfig */;
			buildSettings = {
				ALWAYS_EMBED_SWIFT_STANDARD_LIBRARIES = YES;
				CODE_SIGN_STYLE = Automatic;
				DEVELOPMENT_TEAM = T2KJV4DXXN;
				INFOPLIST_FILE = BinlaLogUITests/Info.plist;
				LD_RUNPATH_SEARCH_PATHS = "$(inherited) @executable_path/Frameworks @loader_path/Frameworks";
				PRODUCT_BUNDLE_IDENTIFIER = Nont.BinlaLogUITests;
				PRODUCT_NAME = "$(TARGET_NAME)";
				SWIFT_VERSION = 4.0;
				TARGETED_DEVICE_FAMILY = "1,2";
				TEST_TARGET_NAME = BinlaLog;
			};
			name = Debug;
		};
		B72ED8461FF0B7C20088F78C /* Release */ = {
			isa = XCBuildConfiguration;
			baseConfigurationReference = 5D0ACF6E985F94210B27E73C /* Pods-BinlaLogUITests.release.xcconfig */;
			buildSettings = {
				ALWAYS_EMBED_SWIFT_STANDARD_LIBRARIES = YES;
				CODE_SIGN_STYLE = Automatic;
				DEVELOPMENT_TEAM = T2KJV4DXXN;
				INFOPLIST_FILE = BinlaLogUITests/Info.plist;
				LD_RUNPATH_SEARCH_PATHS = "$(inherited) @executable_path/Frameworks @loader_path/Frameworks";
				PRODUCT_BUNDLE_IDENTIFIER = Nont.BinlaLogUITests;
				PRODUCT_NAME = "$(TARGET_NAME)";
				SWIFT_VERSION = 4.0;
				TARGETED_DEVICE_FAMILY = "1,2";
				TEST_TARGET_NAME = BinlaLog;
			};
			name = Release;
		};
/* End XCBuildConfiguration section */

/* Begin XCConfigurationList section */
		B72ED8111FF0B7C10088F78C /* Build configuration list for PBXProject "BinlaLog" */ = {
			isa = XCConfigurationList;
			buildConfigurations = (
				B72ED83C1FF0B7C20088F78C /* Debug */,
				B72ED83D1FF0B7C20088F78C /* Release */,
			);
			defaultConfigurationIsVisible = 0;
			defaultConfigurationName = Release;
		};
		B72ED83E1FF0B7C20088F78C /* Build configuration list for PBXNativeTarget "BinlaLog" */ = {
			isa = XCConfigurationList;
			buildConfigurations = (
				B72ED83F1FF0B7C20088F78C /* Debug */,
				B72ED8401FF0B7C20088F78C /* Release */,
			);
			defaultConfigurationIsVisible = 0;
			defaultConfigurationName = Release;
		};
		B72ED8411FF0B7C20088F78C /* Build configuration list for PBXNativeTarget "BinlaLogTests" */ = {
			isa = XCConfigurationList;
			buildConfigurations = (
				B72ED8421FF0B7C20088F78C /* Debug */,
				B72ED8431FF0B7C20088F78C /* Release */,
			);
			defaultConfigurationIsVisible = 0;
			defaultConfigurationName = Release;
		};
		B72ED8441FF0B7C20088F78C /* Build configuration list for PBXNativeTarget "BinlaLogUITests" */ = {
			isa = XCConfigurationList;
			buildConfigurations = (
				B72ED8451FF0B7C20088F78C /* Debug */,
				B72ED8461FF0B7C20088F78C /* Release */,
			);
			defaultConfigurationIsVisible = 0;
			defaultConfigurationName = Release;
		};
/* End XCConfigurationList section */
	};
	rootObject = B72ED80E1FF0B7C10088F78C /* Project object */;
}
